{
  "name": "papeleria-fixture-tree-disallowed",
  "version": "0.0.0",
  "lockfileVersion": 3,
  "requires": true,
  "packages": {
    "": {
      "name": "papeleria-fixture-tree-disallowed",
      "version": "0.0.0",
      "license": "Apache-2.0"
    },
    "node_modules/alpha": {
      "version": "1.0.0",
      "license": "MIT"
    },
    "node_modules/copyleft-runtime": {
      "version": "3.0.0",
      "license": "GPL-3.0-only"
    },
    "node_modules/copyleft-dev": {
      "version": "1.0.0",
      "license": "AGPL-3.0-or-later",
      "dev": true
    },
    "node_modules/mixed": {
      "version": "2.0.0",
      "license": "MIT AND LGPL-2.1-or-later"
    }
  }
}
