{
  "name": "papeleria-fixture-tree-false-libvips",
  "version": "0.0.0",
  "lockfileVersion": 3,
  "requires": true,
  "packages": {
    "": {
      "name": "papeleria-fixture-tree-false-libvips",
      "version": "0.0.0",
      "license": "Apache-2.0"
    },
    "node_modules/pretend-vips": {
      "version": "1.0.0",
      "license": "LGPL-3.0-or-later"
    }
  }
}
